
Microsoft Visual Studio Solution File, Format Version 12.00
# Visual Studio Version 17
VisualStudioVersion = 17.0.31903.59
MinimumVisualStudioVersion = 10.0.40219.1
Project("{FAE04EC0-301F-11D3-BF4B-00C04F79EFBC}") = "BlazorGL.Core", "src\BlazorGL.Core\BlazorGL.Core.csproj", "{A1B1C1D1-E1F1-4A1B-8C1D-1E1F1A1B1C1D}"
EndProject
Project("{FAE04EC0-301F-11D3-BF4B-00C04F79EFBC}") = "BlazorGL.Loaders", "src\BlazorGL.Loaders\BlazorGL.Loaders.csproj", "{A2B2C2D2-E2F2-4A2B-8C2D-2E2F2A2B2C2D}"
EndProject
Project("{FAE04EC0-301F-11D3-BF4B-00C04F79EFBC}") = "BlazorGL.Extensions", "src\BlazorGL.Extensions\BlazorGL.Extensions.csproj", "{A3B3C3D3-E3F3-4A3B-8C3D-3E3F3A3B3C3D}"
EndProject
Project("{FAE04EC0-301F-11D3-BF4B-00C04F79EFBC}") = "BlazorGL", "src\BlazorGL\BlazorGL.csproj", "{A4B4C4D4-E4F4-4A4B-8C4D-4E4F4A4B4C4D}"
EndProject
Project("{2150E333-8FDC-42A3-9474-1A3956D46DE8}") = "src", "src", "{827E0CD3-B72D-47B6-A68D-7590B98EB39B}"
EndProject
Project("{FAE04EC0-301F-11D3-BF4B-00C04F79EFBC}") = "BlazorGL.Controls", "src\BlazorGL.Controls\BlazorGL.Controls.csproj", "{B2483E15-D76E-41A5-8D9F-E475354D02E6}"
EndProject
Project("{FAE04EC0-301F-11D3-BF4B-00C04F79EFBC}") = "BlazorGL.Debug", "src\BlazorGL.Debug\BlazorGL.Debug.csproj", "{B008EBAF-B9AC-4D13-BCFD-18AB0FC9E1AC}"
EndProject
Project("{2150E333-8FDC-42A3-9474-1A3956D46DE8}") = "tests", "tests", "{0AB3BF05-4346-4AA6-1389-037BE0695223}"
EndProject
Project("{FAE04EC0-301F-11D3-BF4B-00C04F79EFBC}") = "BlazorGL.Controls.Tests", "tests\BlazorGL.Controls.Tests\BlazorGL.Controls.Tests.csproj", "{4ABAC9C9-9339-4350-9E38-252AC969EAF6}"
EndProject
Project("{FAE04EC0-301F-11D3-BF4B-00C04F79EFBC}") = "BlazorGL.Extensions.Tests", "tests\BlazorGL.Extensions.Tests\BlazorGL.Extensions.Tests.csproj", "{930E1097-8B76-47D1-8B04-77AEB7C5FCF3}"
EndProject
Global
	GlobalSection(SolutionConfigurationPlatforms) = preSolution
		Debug|Any CPU = Debug|Any CPU
		Debug|x64 = Debug|x64
		Debug|x86 = Debug|x86
		Release|Any CPU = Release|Any CPU
		Release|x64 = Release|x64
		Release|x86 = Release|x86
	EndGlobalSection
	GlobalSection(ProjectConfigurationPlatforms) = postSolution
		{A1B1C1D1-E1F1-4A1B-8C1D-1E1F1A1B1C1D}.Debug|Any CPU.ActiveCfg = Debug|Any CPU
		{A1B1C1D1-E1F1-4A1B-8C1D-1E1F1A1B1C1D}.Debug|Any CPU.Build.0 = Debug|Any CPU
		{A1B1C1D1-E1F1-4A1B-8C1D-1E1F1A1B1C1D}.Debug|x64.ActiveCfg = Debug|Any CPU
		{A1B1C1D1-E1F1-4A1B-8C1D-1E1F1A1B1C1D}.Debug|x64.Build.0 = Debug|Any CPU
		{A1B1C1D1-E1F1-4A1B-8C1D-1E1F1A1B1C1D}.Debug|x86.ActiveCfg = Debug|Any CPU
		{A1B1C1D1-E1F1-4A1B-8C1D-1E1F1A1B1C1D}.Debug|x86.Build.0 = Debug|Any CPU
		{A1B1C1D1-E1F1-4A1B-8C1D-1E1F1A1B1C1D}.Release|Any CPU.ActiveCfg = Release|Any CPU
		{A1B1C1D1-E1F1-4A1B-8C1D-1E1F1A1B1C1D}.Release|Any CPU.Build.0 = Release|Any CPU
		{A1B1C1D1-E1F1-4A1B-8C1D-1E1F1A1B1C1D}.Release|x64.ActiveCfg = Release|Any CPU
		{A1B1C1D1-E1F1-4A1B-8C1D-1E1F1A1B1C1D}.Release|x64.Build.0 = Release|Any CPU
		{A1B1C1D1-E1F1-4A1B-8C1D-1E1F1A1B1C1D}.Release|x86.ActiveCfg = Release|Any CPU
		{A1B1C1D1-E1F1-4A1B-8C1D-1E1F1A1B1C1D}.Release|x86.Build.0 = Release|Any CPU
		{A2B2C2D2-E2F2-4A2B-8C2D-2E2F2A2B2C2D}.Debug|Any CPU.ActiveCfg = Debug|Any CPU
		{A2B2C2D2-E2F2-4A2B-8C2D-2E2F2A2B2C2D}.Debug|Any CPU.Build.0 = Debug|Any CPU
		{A2B2C2D2-E2F2-4A2B-8C2D-2E2F2A2B2C2D}.Debug|x64.ActiveCfg = Debug|Any CPU
		{A2B2C2D2-E2F2-4A2B-8C2D-2E2F2A2B2C2D}.Debug|x64.Build.0 = Debug|Any CPU
		{A2B2C2D2-E2F2-4A2B-8C2D-2E2F2A2B2C2D}.Debug|x86.ActiveCfg = Debug|Any CPU
		{A2B2C2D2-E2F2-4A2B-8C2D-2E2F2A2B2C2D}.Debug|x86.Build.0 = Debug|Any CPU
		{A2B2C2D2-E2F2-4A2B-8C2D-2E2F2A2B2C2D}.Release|Any CPU.ActiveCfg = Release|Any CPU
		{A2B2C2D2-E2F2-4A2B-8C2D-2E2F2A2B2C2D}.Release|Any CPU.Build.0 = Release|Any CPU
		{A2B2C2D2-E2F2-4A2B-8C2D-2E2F2A2B2C2D}.Release|x64.ActiveCfg = Release|Any CPU
		{A2B2C2D2-E2F2-4A2B-8C2D-2E2F2A2B2C2D}.Release|x64.Build.0 = Release|Any CPU
		{A2B2C2D2-E2F2-4A2B-8C2D-2E2F2A2B2C2D}.Release|x86.ActiveCfg = Release|Any CPU
		{A2B2C2D2-E2F2-4A2B-8C2D-2E2F2A2B2C2D}.Release|x86.Build.0 = Release|Any CPU
		{A3B3C3D3-E3F3-4A3B-8C3D-3E3F3A3B3C3D}.Debug|Any CPU.ActiveCfg = Debug|Any CPU
		{A3B3C3D3-E3F3-4A3B-8C3D-3E3F3A3B3C3D}.Debug|Any CPU.Build.0 = Debug|Any CPU
		{A3B3C3D3-E3F3-4A3B-8C3D-3E3F3A3B3C3D}.Debug|x64.ActiveCfg = Debug|Any CPU
		{A3B3C3D3-E3F3-4A3B-8C3D-3E3F3A3B3C3D}.Debug|x64.Build.0 = Debug|Any CPU
		{A3B3C3D3-E3F3-4A3B-8C3D-3E3F3A3B3C3D}.Debug|x86.ActiveCfg = Debug|Any CPU
		{A3B3C3D3-E3F3-4A3B-8C3D-3E3F3A3B3C3D}.Debug|x86.Build.0 = Debug|Any CPU
		{A3B3C3D3-E3F3-4A3B-8C3D-3E3F3A3B3C3D}.Release|Any CPU.ActiveCfg = Release|Any CPU
		{A3B3C3D3-E3F3-4A3B-8C3D-3E3F3A3B3C3D}.Release|Any CPU.Build.0 = Release|Any CPU
		{A3B3C3D3-E3F3-4A3B-8C3D-3E3F3A3B3C3D}.Release|x64.ActiveCfg = Release|Any CPU
		{A3B3C3D3-E3F3-4A3B-8C3D-3E3F3A3B3C3D}.Release|x64.Build.0 = Release|Any CPU
		{A3B3C3D3-E3F3-4A3B-8C3D-3E3F3A3B3C3D}.Release|x86.ActiveCfg = Release|Any CPU
		{A3B3C3D3-E3F3-4A3B-8C3D-3E3F3A3B3C3D}.Release|x86.Build.0 = Release|Any CPU
		{A4B4C4D4-E4F4-4A4B-8C4D-4E4F4A4B4C4D}.Debug|Any CPU.ActiveCfg = Debug|Any CPU
		{A4B4C4D4-E4F4-4A4B-8C4D-4E4F4A4B4C4D}.Debug|Any CPU.Build.0 = Debug|Any CPU
		{A4B4C4D4-E4F4-4A4B-8C4D-4E4F4A4B4C4D}.Debug|x64.ActiveCfg = Debug|Any CPU
		{A4B4C4D4-E4F4-4A4B-8C4D-4E4F4A4B4C4D}.Debug|x64.Build.0 = Debug|Any CPU
		{A4B4C4D4-E4F4-4A4B-8C4D-4E4F4A4B4C4D}.Debug|x86.ActiveCfg = Debug|Any CPU
		{A4B4C4D4-E4F4-4A4B-8C4D-4E4F4A4B4C4D}.Debug|x86.Build.0 = Debug|Any CPU
		{A4B4C4D4-E4F4-4A4B-8C4D-4E4F4A4B4C4D}.Release|Any CPU.ActiveCfg = Release|Any CPU
		{A4B4C4D4-E4F4-4A4B-8C4D-4E4F4A4B4C4D}.Release|Any CPU.Build.0 = Release|Any CPU
		{A4B4C4D4-E4F4-4A4B-8C4D-4E4F4A4B4C4D}.Release|x64.ActiveCfg = Release|Any CPU
		{A4B4C4D4-E4F4-4A4B-8C4D-4E4F4A4B4C4D}.Release|x64.Build.0 = Release|Any CPU
		{A4B4C4D4-E4F4-4A4B-8C4D-4E4F4A4B4C4D}.Release|x86.ActiveCfg = Release|Any CPU
		{A4B4C4D4-E4F4-4A4B-8C4D-4E4F4A4B4C4D}.Release|x86.Build.0 = Release|Any CPU
		{B2483E15-D76E-41A5-8D9F-E475354D02E6}.Debug|Any CPU.ActiveCfg = Debug|Any CPU
		{B2483E15-D76E-41A5-8D9F-E475354D02E6}.Debug|Any CPU.Build.0 = Debug|Any CPU
		{B2483E15-D76E-41A5-8D9F-E475354D02E6}.Debug|x64.ActiveCfg = Debug|Any CPU
		{B2483E15-D76E-41A5-8D9F-E475354D02E6}.Debug|x64.Build.0 = Debug|Any CPU
		{B2483E15-D76E-41A5-8D9F-E475354D02E6}.Debug|x86.ActiveCfg = Debug|Any CPU
		{B2483E15-D76E-41A5-8D9F-E475354D02E6}.Debug|x86.Build.0 = Debug|Any CPU
		{B2483E15-D76E-41A5-8D9F-E475354D02E6}.Release|Any CPU.ActiveCfg = Release|Any CPU
		{B2483E15-D76E-41A5-8D9F-E475354D02E6}.Release|Any CPU.Build.0 = Release|Any CPU
		{B2483E15-D76E-41A5-8D9F-E475354D02E6}.Release|x64.ActiveCfg = Release|Any CPU
		{B2483E15-D76E-41A5-8D9F-E475354D02E6}.Release|x64.Build.0 = Release|Any CPU
		{B2483E15-D76E-41A5-8D9F-E475354D02E6}.Release|x86.ActiveCfg = Release|Any CPU
		{B2483E15-D76E-41A5-8D9F-E475354D02E6}.Release|x86.Build.0 = Release|Any CPU
		{B008EBAF-B9AC-4D13-BCFD-18AB0FC9E1AC}.Debug|Any CPU.ActiveCfg = Debug|Any CPU
		{B008EBAF-B9AC-4D13-BCFD-18AB0FC9E1AC}.Debug|Any CPU.Build.0 = Debug|Any CPU
		{B008EBAF-B9AC-4D13-BCFD-18AB0FC9E1AC}.Debug|x64.ActiveCfg = Debug|Any CPU
		{B008EBAF-B9AC-4D13-BCFD-18AB0FC9E1AC}.Debug|x64.Build.0 = Debug|Any CPU
		{B008EBAF-B9AC-4D13-BCFD-18AB0FC9E1AC}.Debug|x86.ActiveCfg = Debug|Any CPU
		{B008EBAF-B9AC-4D13-BCFD-18AB0FC9E1AC}.Debug|x86.Build.0 = Debug|Any CPU
		{B008EBAF-B9AC-4D13-BCFD-18AB0FC9E1AC}.Release|Any CPU.ActiveCfg = Release|Any CPU
		{B008EBAF-B9AC-4D13-BCFD-18AB0FC9E1AC}.Release|Any CPU.Build.0 = Release|Any CPU
		{B008EBAF-B9AC-4D13-BCFD-18AB0FC9E1AC}.Release|x64.ActiveCfg = Release|Any CPU
		{B008EBAF-B9AC-4D13-BCFD-18AB0FC9E1AC}.Release|x64.Build.0 = Release|Any CPU
		{B008EBAF-B9AC-4D13-BCFD-18AB0FC9E1AC}.Release|x86.ActiveCfg = Release|Any CPU
		{B008EBAF-B9AC-4D13-BCFD-18AB0FC9E1AC}.Release|x86.Build.0 = Release|Any CPU
		{4ABAC9C9-9339-4350-9E38-252AC969EAF6}.Debug|Any CPU.ActiveCfg = Debug|Any CPU
		{4ABAC9C9-9339-4350-9E38-252AC969EAF6}.Debug|Any CPU.Build.0 = Debug|Any CPU
		{4ABAC9C9-9339-4350-9E38-252AC969EAF6}.Debug|x64.ActiveCfg = Debug|Any CPU
		{4ABAC9C9-9339-4350-9E38-252AC969EAF6}.Debug|x64.Build.0 = Debug|Any CPU
		{4ABAC9C9-9339-4350-9E38-252AC969EAF6}.Debug|x86.ActiveCfg = Debug|Any CPU
		{4ABAC9C9-9339-4350-9E38-252AC969EAF6}.Debug|x86.Build.0 = Debug|Any CPU
		{4ABAC9C9-9339-4350-9E38-252AC969EAF6}.Release|Any CPU.ActiveCfg = Release|Any CPU
		{4ABAC9C9-9339-4350-9E38-252AC969EAF6}.Release|Any CPU.Build.0 = Release|Any CPU
		{4ABAC9C9-9339-4350-9E38-252AC969EAF6}.Release|x64.ActiveCfg = Release|Any CPU
		{4ABAC9C9-9339-4350-9E38-252AC969EAF6}.Release|x64.Build.0 = Release|Any CPU
		{4ABAC9C9-9339-4350-9E38-252AC969EAF6}.Release|x86.ActiveCfg = Release|Any CPU
		{4ABAC9C9-9339-4350-9E38-252AC969EAF6}.Release|x86.Build.0 = Release|Any CPU
		{930E1097-8B76-47D1-8B04-77AEB7C5FCF3}.Debug|Any CPU.ActiveCfg = Debug|Any CPU
		{930E1097-8B76-47D1-8B04-77AEB7C5FCF3}.Debug|Any CPU.Build.0 = Debug|Any CPU
		{930E1097-8B76-47D1-8B04-77AEB7C5FCF3}.Debug|x64.ActiveCfg = Debug|Any CPU
		{930E1097-8B76-47D1-8B04-77AEB7C5FCF3}.Debug|x64.Build.0 = Debug|Any CPU
		{930E1097-8B76-47D1-8B04-77AEB7C5FCF3}.Debug|x86.ActiveCfg = Debug|Any CPU
		{930E1097-8B76-47D1-8B04-77AEB7C5FCF3}.Debug|x86.Build.0 = Debug|Any CPU
		{930E1097-8B76-47D1-8B04-77AEB7C5FCF3}.Release|Any CPU.ActiveCfg = Release|Any CPU
		{930E1097-8B76-47D1-8B04-77AEB7C5FCF3}.Release|Any CPU.Build.0 = Release|Any CPU
		{930E1097-8B76-47D1-8B04-77AEB7C5FCF3}.Release|x64.ActiveCfg = Release|Any CPU
		{930E1097-8B76-47D1-8B04-77AEB7C5FCF3}.Release|x64.Build.0 = Release|Any CPU
		{930E1097-8B76-47D1-8B04-77AEB7C5FCF3}.Release|x86.ActiveCfg = Release|Any CPU
		{930E1097-8B76-47D1-8B04-77AEB7C5FCF3}.Release|x86.Build.0 = Release|Any CPU
	EndGlobalSection
	GlobalSection(SolutionProperties) = preSolution
		HideSolutionNode = FALSE
	EndGlobalSection
	GlobalSection(NestedProjects) = preSolution
		{B2483E15-D76E-41A5-8D9F-E475354D02E6} = {827E0CD3-B72D-47B6-A68D-7590B98EB39B}
		{B008EBAF-B9AC-4D13-BCFD-18AB0FC9E1AC} = {827E0CD3-B72D-47B6-A68D-7590B98EB39B}
		{4ABAC9C9-9339-4350-9E38-252AC969EAF6} = {0AB3BF05-4346-4AA6-1389-037BE0695223}
		{930E1097-8B76-47D1-8B04-77AEB7C5FCF3} = {0AB3BF05-4346-4AA6-1389-037BE0695223}
	EndGlobalSection
EndGlobal
